
Microsoft Visual Studio Solution File, Format Version 12.00
# Visual Studio 15
VisualStudioVersion = 15.0.28307.421
MinimumVisualStudioVersion = 10.0.40219.1
Project("{FAE04EC0-301F-11D3-BF4B-00C04F79EFBC}") = "CameraDiscovery", "CameraDiscovery\CameraDiscovery.csproj", "{A1D61361-EA62-4D01-800E-D02379D2AD8A}"
EndProject
Global
	GlobalSection(SolutionConfigurationPlatforms) = preSolution
		Debug|Any CPU = Debug|Any CPU
		Release|Any CPU = Release|Any CPU
	EndGlobalSection
	GlobalSection(ProjectConfigurationPlatforms) = postSolution
		{A1D61361-EA62-4D01-800E-D02379D2AD8A}.Debug|Any CPU.ActiveCfg = Debug|Any CPU
		{A1D61361-EA62-4D01-800E-D02379D2AD8A}.Debug|Any CPU.Build.0 = Debug|Any CPU
		{A1D61361-EA62-4D01-800E-D02379D2AD8A}.Release|Any CPU.ActiveCfg = Release|Any CPU
		{A1D61361-EA62-4D01-800E-D02379D2AD8A}.Release|Any CPU.Build.0 = Release|Any CPU
	EndGlobalSection
	GlobalSection(SolutionProperties) = preSolution
		HideSolutionNode = FALSE
	EndGlobalSection
	GlobalSection(ExtensibilityGlobals) = postSolution
		SolutionGuid = {52E68587-67BD-470F-965B-B7C50FAD6EED}
	EndGlobalSection
EndGlobal
